
Microsoft Visual Studio Solution File, Format Version 12.00
# Visual Studio 15
VisualStudioVersion = 15.0.26730.8
MinimumVisualStudioVersion = 10.0.40219.1
Project("{FAE04EC0-301F-11D3-BF4B-00C04F79EFBC}") = "WpfAppDatabasLab1", "WpfAppDatabasLab1.csproj", "{88517495-A636-4731-AD7B-13B2E80477D4}"
EndProject
Global
	GlobalSection(SolutionConfigurationPlatforms) = preSolution
		Debug|Any CPU = Debug|Any CPU
		Release|Any CPU = Release|Any CPU
	EndGlobalSection
	GlobalSection(ProjectConfigurationPlatforms) = postSolution
		{88517495-A636-4731-AD7B-13B2E80477D4}.Debug|Any CPU.ActiveCfg = Debug|Any CPU
		{88517495-A636-4731-AD7B-13B2E80477D4}.Debug|Any CPU.Build.0 = Debug|Any CPU
		{88517495-A636-4731-AD7B-13B2E80477D4}.Release|Any CPU.ActiveCfg = Release|Any CPU
		{88517495-A636-4731-AD7B-13B2E80477D4}.Release|Any CPU.Build.0 = Release|Any CPU
	EndGlobalSection
	GlobalSection(SolutionProperties) = preSolution
		HideSolutionNode = FALSE
	EndGlobalSection
	GlobalSection(ExtensibilityGlobals) = postSolution
		SolutionGuid = {3852947B-DD7B-42AC-8333-5392F6BE85EC}
	EndGlobalSection
EndGlobal
